
Microsoft Visual Studio Solution File, Format Version 12.00
# Visual Studio 14
VisualStudioVersion = 14.0.25420.1
MinimumVisualStudioVersion = 10.0.40219.1
Project("{FAE04EC0-301F-11D3-BF4B-00C04F79EFBC}") = "Morpheus", "Morpheus\Morpheus.csproj", "{61C99DB9-366C-4222-AEF4-F8AE1A686EAB}"
EndProject
Global
	GlobalSection(SolutionConfigurationPlatforms) = preSolution
		Debug|Any CPU = Debug|Any CPU
		Release|Any CPU = Release|Any CPU
	EndGlobalSection
	GlobalSection(ProjectConfigurationPlatforms) = postSolution
		{61C99DB9-366C-4222-AEF4-F8AE1A686EAB}.Debug|Any CPU.ActiveCfg = Debug|Any CPU
		{61C99DB9-366C-4222-AEF4-F8AE1A686EAB}.Debug|Any CPU.Build.0 = Debug|Any CPU
		{61C99DB9-366C-4222-AEF4-F8AE1A686EAB}.Release|Any CPU.ActiveCfg = Release|Any CPU
		{61C99DB9-366C-4222-AEF4-F8AE1A686EAB}.Release|Any CPU.Build.0 = Release|Any CPU
	EndGlobalSection
	GlobalSection(SolutionProperties) = preSolution
		HideSolutionNode = FALSE
	EndGlobalSection
EndGlobal
